{
  "name": "api-basic-test",
  "lockfileVersion": 3,
  "requires": true,
  "packages": {
    "": {
      "dependencies": {
        "jaslog": "file:../../.."
      }
    },
    "../../..": {
      "name": "jaslog",
      "version": "0.0.1",
      "license": "ISC",
      "devDependencies": {
        "@types/node": "^20.14.9",
        "ts-node": "^10.9.2",
        "typescript": "^5.5.3"
      }
    },
    "node_modules/jaslog": {
      "resolved": "../../..",
      "link": true
    }
  }
}
